# Auto-generated by check_model_fidelity.py --update. Do not edit by hand.
436819b9480d8ed541724c11f806f32440e3cba0e2506219d9b2fc4d86619719  bpf/aegis_file.bpf.h::int BPF_PROG(handle_file_open
669d286f13a1b6053b3fc5a41ca630d351dc9227d31bfa58bed83f2157f19270  bpf/aegis_file.bpf.h::int handle_inode_permission_impl(
9f8b411b593bd6b85ef5435ed33b0e8c949c0594b2b47287939f8641bfd9fcae  COMBINED
