# Auto-generated by check_model_fidelity.py --update. Do not edit by hand.
949a1cdde3a1fa08bd119612c5e0ae75da46d52584847408c7c05b85de5c62cf  bpf/aegis_file.bpf.h::int BPF_PROG(handle_file_open
fa4066209999703cc8ad31f3cb75d5bdf3e5e4a0dab555f532fa0ada5311e6a5  bpf/aegis_file.bpf.h::int handle_inode_permission_impl(
2d0e905f2d81cf0e3cd595a07470b7bc83257b8707bf2aac232e186c6aa305c6  COMBINED
